
Microsoft Visual Studio Solution File, Format Version 12.00
# Visual Studio Version 17
VisualStudioVersion = 17.9.34518.117
MinimumVisualStudioVersion = 10.0.40219.1
Project("{9A19103F-16F7-4668-BE54-9A1E7A4F7556}") = "SlotMachine", "SlotMachine\SlotMachine.csproj", "{206DA036-E9A4-4BA7-B075-F05C9CA4CCA8}"
EndProject
Project("{FAE04EC0-301F-11D3-BF4B-00C04F79EFBC}") = "Testing", "Testing\Testing.csproj", "{E6C0FBF0-EB7F-473D-851D-308E0CC294FD}"
EndProject
Global
	GlobalSection(SolutionConfigurationPlatforms) = preSolution
		Debug|Any CPU = Debug|Any CPU
		Release|Any CPU = Release|Any CPU
	EndGlobalSection
	GlobalSection(ProjectConfigurationPlatforms) = postSolution
		{206DA036-E9A4-4BA7-B075-F05C9CA4CCA8}.Debug|Any CPU.ActiveCfg = Debug|Any CPU
		{206DA036-E9A4-4BA7-B075-F05C9CA4CCA8}.Debug|Any CPU.Build.0 = Debug|Any CPU
		{206DA036-E9A4-4BA7-B075-F05C9CA4CCA8}.Release|Any CPU.ActiveCfg = Release|Any CPU
		{206DA036-E9A4-4BA7-B075-F05C9CA4CCA8}.Release|Any CPU.Build.0 = Release|Any CPU
		{E6C0FBF0-EB7F-473D-851D-308E0CC294FD}.Debug|Any CPU.ActiveCfg = Debug|Any CPU
		{E6C0FBF0-EB7F-473D-851D-308E0CC294FD}.Debug|Any CPU.Build.0 = Debug|Any CPU
		{E6C0FBF0-EB7F-473D-851D-308E0CC294FD}.Release|Any CPU.ActiveCfg = Release|Any CPU
		{E6C0FBF0-EB7F-473D-851D-308E0CC294FD}.Release|Any CPU.Build.0 = Release|Any CPU
	EndGlobalSection
	GlobalSection(SolutionProperties) = preSolution
		HideSolutionNode = FALSE
	EndGlobalSection
	GlobalSection(ExtensibilityGlobals) = postSolution
		SolutionGuid = {6DCCCE0B-348E-4324-9772-AE7B91F366B4}
	EndGlobalSection
EndGlobal
